// !$*UTF8*$!
{
	archiveVersion = 1;
	classes = {
	};
	objectVersion = 50;
	objects = {

/* Begin PBXBuildFile section */
		928E7448241A5C5400B594B1 /* AppDelegate.swift in Sources */ = {isa = PBXBuildFile; fileRef = 928E7447241A5C5400B594B1 /* AppDelegate.swift */; };
		928E744A241A5C5400B594B1 /* ViewController.swift in Sources */ = {isa = PBXBuildFile; fileRef = 928E7449241A5C5400B594B1 /* ViewController.swift */; };
		928E744D241A5C5400B594B1 /* Main.storyboard in Resources */ = {isa = PBXBuildFile; fileRef = 928E744B241A5C5400B594B1 /* Main.storyboard */; };
		928E7450241A5C5400B594B1 /* Sohayok.xcdatamodeld in Sources */ = {isa = PBXBuildFile; fileRef = 928E744E241A5C5400B594B1 /* Sohayok.xcdatamodeld */; };
		928E7452241A5C5500B594B1 /* Assets.xcassets in Resources */ = {isa = PBXBuildFile; fileRef = 928E7451241A5C5500B594B1 /* Assets.xcassets */; };
		928E7455241A5C5500B594B1 /* LaunchScreen.storyboard in Resources */ = {isa = PBXBuildFile; fileRef = 928E7453241A5C5500B594B1 /* LaunchScreen.storyboard */; };
		928E7460241A5C5600B594B1 /* SohayokTests.swift in Sources */ = {isa = PBXBuildFile; fileRef = 928E745F241A5C5600B594B1 /* SohayokTests.swift */; };
		928E746B241A5C5600B594B1 /* SohayokUITests.swift in Sources */ = {isa = PBXBuildFile; fileRef = 928E746A241A5C5600B594B1 /* SohayokUITests.swift */; };
/* End PBXBuildFile section */

/* Begin PBXContainerItemProxy section */
		928E745C241A5C5600B594B1 /* PBXContainerItemProxy */ = {
			isa = PBXContainerItemProxy;
			containerPortal = 928E743C241A5C5400B594B1 /* Project object */;
			proxyType = 1;
			remoteGlobalIDString = 928E7443241A5C5400B594B1;
			remoteInfo = Sohayok;
		};
		928E7467241A5C5600B594B1 /* PBXContainerItemProxy */ = {
			isa = PBXContainerItemProxy;
			containerPortal = 928E743C241A5C5400B594B1 /* Project object */;
			proxyType = 1;
			remoteGlobalIDString = 928E7443241A5C5400B594B1;
			remoteInfo = Sohayok;
		};
/* End PBXContainerItemProxy section */

/* Begin PBXFileReference section */
		928E7444241A5C5400B594B1 /* Sohayok.app */ = {isa = PBXFileReference; explicitFileType = wrapper.application; includeInIndex = 0; path = Sohayok.app; sourceTree = BUILT_PRODUCTS_DIR; };
		928E7447241A5C5400B594B1 /* AppDelegate.swift */ = {isa = PBXFileReference; lastKnownFileType = sourcecode.swift; path = AppDelegate.swift; sourceTree = "<group>"; };
		928E7449241A5C5400B594B1 /* ViewController.swift */ = {isa = PBXFileReference; lastKnownFileType = sourcecode.swift; path = ViewController.swift; sourceTree = "<group>"; };
		928E744C241A5C5400B594B1 /* Base */ = {isa = PBXFileReference; lastKnownFileType = file.storyboard; name = Base; path = Base.lproj/Main.storyboard; sourceTree = "<group>"; };
		928E744F241A5C5400B594B1 /* Sohayok.xcdatamodel */ = {isa = PBXFileReference; lastKnownFileType = wrapper.xcdatamodel; path = Sohayok.xcdatamodel; sourceTree = "<group>"; };
		928E7451241A5C5500B594B1 /* Assets.xcassets */ = {isa = PBXFileReference; lastKnownFileType = folder.assetcatalog; path = Assets.xcassets; sourceTree = "<group>"; };
		928E7454241A5C5500B594B1 /* Base */ = {isa = PBXFileReference; lastKnownFileType = file.storyboard; name = Base; path = Base.lproj/LaunchScreen.storyboard; sourceTree = "<group>"; };
		928E7456241A5C5600B594B1 /* Info.plist */ = {isa = PBXFileReference; lastKnownFileType = text.plist.xml; path = Info.plist; sourceTree = "<group>"; };
		928E745B241A5C5600B594B1 /* SohayokTests.xctest */ = {isa = PBXFileReference; explicitFileType = wrapper.cfbundle; includeInIndex = 0; path = SohayokTests.xctest; sourceTree = BUILT_PRODUCTS_DIR; };
		928E745F241A5C5600B594B1 /* SohayokTests.swift */ = {isa = PBXFileReference; lastKnownFileType = sourcecode.swift; path = SohayokTests.swift; sourceTree = "<group>"; };
		928E7461241A5C5600B594B1 /* Info.plist */ = {isa = PBXFileReference; lastKnownFileType = text.plist.xml; path = Info.plist; sourceTree = "<group>"; };
		928E7466241A5C5600B594B1 /* SohayokUITests.xctest */ = {isa = PBXFileReference; explicitFileType = wrapper.cfbundle; includeInIndex = 0; path = SohayokUITests.xctest; sourceTree = BUILT_PRODUCTS_DIR; };
		928E746A241A5C5600B594B1 /* SohayokUITests.swift */ = {isa = PBXFileReference; lastKnownFileType = sourcecode.swift; path = SohayokUITests.swift; sourceTree = "<group>"; };
		928E746C241A5C5600B594B1 /* Info.plist */ = {isa = PBXFileReference; lastKnownFileType = text.plist.xml; path = Info.plist; sourceTree = "<group>"; };
/* End PBXFileReference section */

/* Begin PBXFrameworksBuildPhase section */
		928E7441241A5C5400B594B1 /* Frameworks */ = {
			isa = PBXFrameworksBuildPhase;
			buildActionMask = 2147483647;
			files = (
			);
			runOnlyForDeploymentPostprocessing = 0;
		};
		928E7458241A5C5600B594B1 /* Frameworks */ = {
			isa = PBXFrameworksBuildPhase;
			buildActionMask = 2147483647;
			files = (
			);
			runOnlyForDeploymentPostprocessing = 0;
		};
		928E7463241A5C5600B594B1 /* Frameworks */ = {
			isa = PBXFrameworksBuildPhase;
			buildActionMask = 2147483647;
			files = (
			);
			runOnlyForDeploymentPostprocessing = 0;
		};
/* End PBXFrameworksBuildPhase section */

/* Begin PBXGroup section */
		928E743B241A5C5400B594B1 = {
			isa = PBXGroup;
			children = (
				928E7446241A5C5400B594B1 /* Sohayok */,
				928E745E241A5C5600B594B1 /* SohayokTests */,
				928E7469241A5C5600B594B1 /* SohayokUITests */,
				928E7445241A5C5400B594B1 /* Products */,
			);
			sourceTree = "<group>";
		};
		928E7445241A5C5400B594B1 /* Products */ = {
			isa = PBXGroup;
			children = (
				928E7444241A5C5400B594B1 /* Sohayok.app */,
				928E745B241A5C5600B594B1 /* SohayokTests.xctest */,
				928E7466241A5C5600B594B1 /* SohayokUITests.xctest */,
			);
			name = Products;
			sourceTree = "<group>";
		};
		928E7446241A5C5400B594B1 /* Sohayok */ = {
			isa = PBXGroup;
			children = (
				928E7447241A5C5400B594B1 /* AppDelegate.swift */,
				928E7449241A5C5400B594B1 /* ViewController.swift */,
				928E744B241A5C5400B594B1 /* Main.storyboard */,
				928E7451241A5C5500B594B1 /* Assets.xcassets */,
				928E7453241A5C5500B594B1 /* LaunchScreen.storyboard */,
				928E7456241A5C5600B594B1 /* Info.plist */,
				928E744E241A5C5400B594B1 /* Sohayok.xcdatamodeld */,
			);
			path = Sohayok;
			sourceTree = "<group>";
		};
		928E745E241A5C5600B594B1 /* SohayokTests */ = {
			isa = PBXGroup;
			children = (
				928E745F241A5C5600B594B1 /* SohayokTests.swift */,
				928E7461241A5C5600B594B1 /* Info.plist */,
			);
			path = SohayokTests;
			sourceTree = "<group>";
		};
		928E7469241A5C5600B594B1 /* SohayokUITests */ = {
			isa = PBXGroup;
			children = (
				928E746A241A5C5600B594B1 /* SohayokUITests.swift */,
				928E746C241A5C5600B594B1 /* Info.plist */,
			);
			path = SohayokUITests;
			sourceTree = "<group>";
		};
/* End PBXGroup section */

/* Begin PBXNativeTarget section */
		928E7443241A5C5400B594B1 /* Sohayok */ = {
			isa = PBXNativeTarget;
			buildConfigurationList = 928E746F241A5C5600B594B1 /* Build configuration list for PBXNativeTarget "Sohayok" */;
			buildPhases = (
				928E7440241A5C5400B594B1 /* Sources */,
				928E7441241A5C5400B594B1 /* Frameworks */,
				928E7442241A5C5400B594B1 /* Resources */,
			);
			buildRules = (
			);
			dependencies = (
			);
			name = Sohayok;
			productName = Sohayok;
			productReference = 928E7444241A5C5400B594B1 /* Sohayok.app */;
			productType = "com.apple.product-type.application";
		};
		928E745A241A5C5600B594B1 /* SohayokTests */ = {
			isa = PBXNativeTarget;
			buildConfigurationList = 928E7472241A5C5600B594B1 /* Build configuration list for PBXNativeTarget "SohayokTests" */;
			buildPhases = (
				928E7457241A5C5600B594B1 /* Sources */,
				928E7458241A5C5600B594B1 /* Frameworks */,
				928E7459241A5C5600B594B1 /* Resources */,
			);
			buildRules = (
			);
			dependencies = (
				928E745D241A5C5600B594B1 /* PBXTargetDependency */,
			);
			name = SohayokTests;
			productName = SohayokTests;
			productReference = 928E745B241A5C5600B594B1 /* SohayokTests.xctest */;
			productType = "com.apple.product-type.bundle.unit-test";
		};
		928E7465241A5C5600B594B1 /* SohayokUITests */ = {
			isa = PBXNativeTarget;
			buildConfigurationList = 928E7475241A5C5600B594B1 /* Build configuration list for PBXNativeTarget "SohayokUITests" */;
			buildPhases = (
				928E7462241A5C5600B594B1 /* Sources */,
				928E7463241A5C5600B594B1 /* Frameworks */,
				928E7464241A5C5600B594B1 /* Resources */,
			);
			buildRules = (
			);
			dependencies = (
				928E7468241A5C5600B594B1 /* PBXTargetDependency */,
			);
			name = SohayokUITests;
			productName = SohayokUITests;
			productReference = 928E7466241A5C5600B594B1 /* SohayokUITests.xctest */;
			productType = "com.apple.product-type.bundle.ui-testing";
		};
/* End PBXNativeTarget section */

/* Begin PBXProject section */
		928E743C241A5C5400B594B1 /* Project object */ = {
			isa = PBXProject;
			attributes = {
				LastSwiftUpdateCheck = 1000;
				LastUpgradeCheck = 1000;
				ORGANIZATIONNAME = "Sabbir Hossain";
				TargetAttributes = {
					928E7443241A5C5400B594B1 = {
						CreatedOnToolsVersion = 10.0;
					};
					928E745A241A5C5600B594B1 = {
						CreatedOnToolsVersion = 10.0;
						TestTargetID = 928E7443241A5C5400B594B1;
					};
					928E7465241A5C5600B594B1 = {
						CreatedOnToolsVersion = 10.0;
						TestTargetID = 928E7443241A5C5400B594B1;
					};
				};
			};
			buildConfigurationList = 928E743F241A5C5400B594B1 /* Build configuration list for PBXProject "Sohayok" */;
			compatibilityVersion = "Xcode 9.3";
			developmentRegion = en;
			hasScannedForEncodings = 0;
			knownRegions = (
				en,
				Base,
			);
			mainGroup = 928E743B241A5C5400B594B1;
			productRefGroup = 928E7445241A5C5400B594B1 /* Products */;
			projectDirPath = "";
			projectRoot = "";
			targets = (
				928E7443241A5C5400B594B1 /* Sohayok */,
				928E745A241A5C5600B594B1 /* SohayokTests */,
				928E7465241A5C5600B594B1 /* SohayokUITests */,
			);
		};
/* End PBXProject section */

/* Begin PBXResourcesBuildPhase section */
		928E7442241A5C5400B594B1 /* Resources */ = {
			isa = PBXResourcesBuildPhase;
			buildActionMask = 2147483647;
			files = (
				928E7455241A5C5500B594B1 /* LaunchScreen.storyboard in Resources */,
				928E7452241A5C5500B594B1 /* Assets.xcassets in Resources */,
				928E744D241A5C5400B594B1 /* Main.storyboard in Resources */,
			);
			runOnlyForDeploymentPostprocessing = 0;
		};
		928E7459241A5C5600B594B1 /* Resources */ = {
			isa = PBXResourcesBuildPhase;
			buildActionMask = 2147483647;
			files = (
			);
			runOnlyForDeploymentPostprocessing = 0;
		};
		928E7464241A5C5600B594B1 /* Resources */ = {
			isa = PBXResourcesBuildPhase;
			buildActionMask = 2147483647;
			files = (
			);
			runOnlyForDeploymentPostprocessing = 0;
		};
/* End PBXResourcesBuildPhase section */

/* Begin PBXSourcesBuildPhase section */
		928E7440241A5C5400B594B1 /* Sources */ = {
			isa = PBXSourcesBuildPhase;
			buildActionMask = 2147483647;
			files = (
				928E744A241A5C5400B594B1 /* ViewController.swift in Sources */,
				928E7450241A5C5400B594B1 /* Sohayok.xcdatamodeld in Sources */,
				928E7448241A5C5400B594B1 /* AppDelegate.swift in Sources */,
			);
			runOnlyForDeploymentPostprocessing = 0;
		};
		928E7457241A5C5600B594B1 /* Sources */ = {
			isa = PBXSourcesBuildPhase;
			buildActionMask = 2147483647;
			files = (
				928E7460241A5C5600B594B1 /* SohayokTests.swift in Sources */,
			);
			runOnlyForDeploymentPostprocessing = 0;
		};
		928E7462241A5C5600B594B1 /* Sources */ = {
			isa = PBXSourcesBuildPhase;
			buildActionMask = 2147483647;
			files = (
				928E746B241A5C5600B594B1 /* SohayokUITests.swift in Sources */,
			);
			runOnlyForDeploymentPostprocessing = 0;
		};
/* End PBXSourcesBuildPhase section */

/* Begin PBXTargetDependency section */
		928E745D241A5C5600B594B1 /* PBXTargetDependency */ = {
			isa = PBXTargetDependency;
			target = 928E7443241A5C5400B594B1 /* Sohayok */;
			targetProxy = 928E745C241A5C5600B594B1 /* PBXContainerItemProxy */;
		};
		928E7468241A5C5600B594B1 /* PBXTargetDependency */ = {
			isa = PBXTargetDependency;
			target = 928E7443241A5C5400B594B1 /* Sohayok */;
			targetProxy = 928E7467241A5C5600B594B1 /* PBXContainerItemProxy */;
		};
/* End PBXTargetDependency section */

/* Begin PBXVariantGroup section */
		928E744B241A5C5400B594B1 /* Main.storyboard */ = {
			isa = PBXVariantGroup;
			children = (
				928E744C241A5C5400B594B1 /* Base */,
			);
			name = Main.storyboard;
			sourceTree = "<group>";
		};
		928E7453241A5C5500B594B1 /* LaunchScreen.storyboard */ = {
			isa = PBXVariantGroup;
			children = (
				928E7454241A5C5500B594B1 /* Base */,
			);
			name = LaunchScreen.storyboard;
			sourceTree = "<group>";
		};
/* End PBXVariantGroup section */

/* Begin XCBuildConfiguration section */
		928E746D241A5C5600B594B1 /* Debug */ = {
			isa = XCBuildConfiguration;
			buildSettings = {
				ALWAYS_SEARCH_USER_PATHS = NO;
				CLANG_ANALYZER_NONNULL = YES;
				CLANG_ANALYZER_NUMBER_OBJECT_CONVERSION = YES_AGGRESSIVE;
				CLANG_CXX_LANGUAGE_STANDARD = "gnu++14";
				CLANG_CXX_LIBRARY = "libc++";
				CLANG_ENABLE_MODULES = YES;
				CLANG_ENABLE_OBJC_ARC = YES;
				CLANG_ENABLE_OBJC_WEAK = YES;
				CLANG_WARN_BLOCK_CAPTURE_AUTORELEASING = YES;
				CLANG_WARN_BOOL_CONVERSION = YES;
				CLANG_WARN_COMMA = YES;
				CLANG_WARN_CONSTANT_CONVERSION = YES;
				CLANG_WARN_DEPRECATED_OBJC_IMPLEMENTATIONS = YES;
				CLANG_WARN_DIRECT_OBJC_ISA_USAGE = YES_ERROR;
				CLANG_WARN_DOCUMENTATION_COMMENTS = YES;
				CLANG_WARN_EMPTY_BODY = YES;
				CLANG_WARN_ENUM_CONVERSION = YES;
				CLANG_WARN_INFINITE_RECURSION = YES;
				CLANG_WARN_INT_CONVERSION = YES;
				CLANG_WARN_NON_LITERAL_NULL_CONVERSION = YES;
				CLANG_WARN_OBJC_IMPLICIT_RETAIN_SELF = YES;
				CLANG_WARN_OBJC_LITERAL_CONVERSION = YES;
				CLANG_WARN_OBJC_ROOT_CLASS = YES_ERROR;
				CLANG_WARN_RANGE_LOOP_ANALYSIS = YES;
				CLANG_WARN_STRICT_PROTOTYPES = YES;
				CLANG_WARN_SUSPICIOUS_MOVE = YES;
				CLANG_WARN_UNGUARDED_AVAILABILITY = YES_AGGRESSIVE;
				CLANG_WARN_UNREACHABLE_CODE = YES;
				CLANG_WARN__DUPLICATE_METHOD_MATCH = YES;
				CODE_SIGN_IDENTITY = "iPhone Developer";
				COPY_PHASE_STRIP = NO;
				DEBUG_INFORMATION_FORMAT = dwarf;
				ENABLE_STRICT_OBJC_MSGSEND = YES;
				ENABLE_TESTABILITY = YES;
				GCC_C_LANGUAGE_STANDARD = gnu11;
				GCC_DYNAMIC_NO_PIC = NO;
				GCC_NO_COMMON_BLOCKS = YES;
				GCC_OPTIMIZATION_LEVEL = 0;
				GCC_PREPROCESSOR_DEFINITIONS = (
					"DEBUG=1",
					"$(inherited)",
				);
				GCC_WARN_64_TO_32_BIT_CONVERSION = YES;
				GCC_WARN_ABOUT_RETURN_TYPE = YES_ERROR;
				GCC_WARN_UNDECLARED_SELECTOR = YES;
				GCC_WARN_UNINITIALIZED_AUTOS = YES_AGGRESSIVE;
				GCC_WARN_UNUSED_FUNCTION = YES;
				GCC_WARN_UNUSED_VARIABLE = YES;
				IPHONEOS_DEPLOYMENT_TARGET = 12.0;
				MTL_ENABLE_DEBUG_INFO = INCLUDE_SOURCE;
				MTL_FAST_MATH = YES;
				ONLY_ACTIVE_ARCH = YES;
				SDKROOT = iphoneos;
				SWIFT_ACTIVE_COMPILATION_CONDITIONS = DEBUG;
				SWIFT_OPTIMIZATION_LEVEL = "-Onone";
			};
			name = Debug;
		};
		928E746E241A5C5600B594B1 /* Release */ = {
			isa = XCBuildConfiguration;
			buildSettings = {
				ALWAYS_SEARCH_USER_PATHS = NO;
				CLANG_ANALYZER_NONNULL = YES;
				CLANG_ANALYZER_NUMBER_OBJECT_CONVERSION = YES_AGGRESSIVE;
				CLANG_CXX_LANGUAGE_STANDARD = "gnu++14";
				CLANG_CXX_LIBRARY = "libc++";
				CLANG_ENABLE_MODULES = YES;
				CLANG_ENABLE_OBJC_ARC = YES;
				CLANG_ENABLE_OBJC_WEAK = YES;
				CLANG_WARN_BLOCK_CAPTURE_AUTORELEASING = YES;
				CLANG_WARN_BOOL_CONVERSION = YES;
				CLANG_WARN_COMMA = YES;
				CLANG_WARN_CONSTANT_CONVERSION = YES;
				CLANG_WARN_DEPRECATED_OBJC_IMPLEMENTATIONS = YES;
				CLANG_WARN_DIRECT_OBJC_ISA_USAGE = YES_ERROR;
				CLANG_WARN_DOCUMENTATION_COMMENTS = YES;
				CLANG_WARN_EMPTY_BODY = YES;
				CLANG_WARN_ENUM_CONVERSION = YES;
				CLANG_WARN_INFINITE_RECURSION = YES;
				CLANG_WARN_INT_CONVERSION = YES;
				CLANG_WARN_NON_LITERAL_NULL_CONVERSION = YES;
				CLANG_WARN_OBJC_IMPLICIT_RETAIN_SELF = YES;
				CLANG_WARN_OBJC_LITERAL_CONVERSION = YES;
				CLANG_WARN_OBJC_ROOT_CLASS = YES_ERROR;
				CLANG_WARN_RANGE_LOOP_ANALYSIS = YES;
				CLANG_WARN_STRICT_PROTOTYPES = YES;
				CLANG_WARN_SUSPICIOUS_MOVE = YES;
				CLANG_WARN_UNGUARDED_AVAILABILITY = YES_AGGRESSIVE;
				CLANG_WARN_UNREACHABLE_CODE = YES;
				CLANG_WARN__DUPLICATE_METHOD_MATCH = YES;
				CODE_SIGN_IDENTITY = "iPhone Developer";
				COPY_PHASE_STRIP = NO;
				DEBUG_INFORMATION_FORMAT = "dwarf-with-dsym";
				ENABLE_NS_ASSERTIONS = NO;
				ENABLE_STRICT_OBJC_MSGSEND = YES;
				GCC_C_LANGUAGE_STANDARD = gnu11;
				GCC_NO_COMMON_BLOCKS = YES;
				GCC_WARN_64_TO_32_BIT_CONVERSION = YES;
				GCC_WARN_ABOUT_RETURN_TYPE = YES_ERROR;
				GCC_WARN_UNDECLARED_SELECTOR = YES;
				GCC_WARN_UNINITIALIZED_AUTOS = YES_AGGRESSIVE;
				GCC_WARN_UNUSED_FUNCTION = YES;
				GCC_WARN_UNUSED_VARIABLE = YES;
				IPHONEOS_DEPLOYMENT_TARGET = 12.0;
				MTL_ENABLE_DEBUG_INFO = NO;
				MTL_FAST_MATH = YES;
				SDKROOT = iphoneos;
				SWIFT_COMPILATION_MODE = wholemodule;
				SWIFT_OPTIMIZATION_LEVEL = "-O";
				VALIDATE_PRODUCT = YES;
			};
			name = Release;
		};
		928E7470241A5C5600B594B1 /* Debug */ = {
			isa = XCBuildConfiguration;
			buildSettings = {
				ASSETCATALOG_COMPILER_APPICON_NAME = AppIcon;
				CODE_SIGN_STYLE = Automatic;
				INFOPLIST_FILE = Sohayok/Info.plist;
				LD_RUNPATH_SEARCH_PATHS = (
					"$(inherited)",
					"@executable_path/Frameworks",
				);
				PRODUCT_BUNDLE_IDENTIFIER = com.sabbir.Sohayok;
				PRODUCT_NAME = "$(TARGET_NAME)";
				SWIFT_VERSION = 4.2;
				TARGETED_DEVICE_FAMILY = "1,2";
			};
			name = Debug;
		};
		928E7471241A5C5600B594B1 /* Release */ = {
			isa = XCBuildConfiguration;
			buildSettings = {
				ASSETCATALOG_COMPILER_APPICON_NAME = AppIcon;
				CODE_SIGN_STYLE = Automatic;
				INFOPLIST_FILE = Sohayok/Info.plist;
				LD_RUNPATH_SEARCH_PATHS = (
					"$(inherited)",
					"@executable_path/Frameworks",
				);
				PRODUCT_BUNDLE_IDENTIFIER = com.sabbir.Sohayok;
				PRODUCT_NAME = "$(TARGET_NAME)";
				SWIFT_VERSION = 4.2;
				TARGETED_DEVICE_FAMILY = "1,2";
			};
			name = Release;
		};
		928E7473241A5C5600B594B1 /* Debug */ = {
			isa = XCBuildConfiguration;
			buildSettings = {
				ALWAYS_EMBED_SWIFT_STANDARD_LIBRARIES = YES;
				BUNDLE_LOADER = "$(TEST_HOST)";
				CODE_SIGN_STYLE = Automatic;
				INFOPLIST_FILE = SohayokTests/Info.plist;
				LD_RUNPATH_SEARCH_PATHS = (
					"$(inherited)",
					"@executable_path/Frameworks",
					"@loader_path/Frameworks",
				);
				PRODUCT_BUNDLE_IDENTIFIER = com.sabbir.SohayokTests;
				PRODUCT_NAME = "$(TARGET_NAME)";
				SWIFT_VERSION = 4.2;
				TARGETED_DEVICE_FAMILY = "1,2";
				TEST_HOST = "$(BUILT_PRODUCTS_DIR)/Sohayok.app/Sohayok";
			};
			name = Debug;
		};
		928E7474241A5C5600B594B1 /* Release */ = {
			isa = XCBuildConfiguration;
			buildSettings = {
				ALWAYS_EMBED_SWIFT_STANDARD_LIBRARIES = YES;
				BUNDLE_LOADER = "$(TEST_HOST)";
				CODE_SIGN_STYLE = Automatic;
				INFOPLIST_FILE = SohayokTests/Info.plist;
				LD_RUNPATH_SEARCH_PATHS = (
					"$(inherited)",
					"@executable_path/Frameworks",
					"@loader_path/Frameworks",
				);
				PRODUCT_BUNDLE_IDENTIFIER = com.sabbir.SohayokTests;
				PRODUCT_NAME = "$(TARGET_NAME)";
				SWIFT_VERSION = 4.2;
				TARGETED_DEVICE_FAMILY = "1,2";
				TEST_HOST = "$(BUILT_PRODUCTS_DIR)/Sohayok.app/Sohayok";
			};
			name = Release;
		};
		928E7476241A5C5600B594B1 /* Debug */ = {
			isa = XCBuildConfiguration;
			buildSettings = {
				ALWAYS_EMBED_SWIFT_STANDARD_LIBRARIES = YES;
				CODE_SIGN_STYLE = Automatic;
				INFOPLIST_FILE = SohayokUITests/Info.plist;
				LD_RUNPATH_SEARCH_PATHS = (
					"$(inherited)",
					"@executable_path/Frameworks",
					"@loader_path/Frameworks",
				);
				PRODUCT_BUNDLE_IDENTIFIER = com.sabbir.SohayokUITests;
				PRODUCT_NAME = "$(TARGET_NAME)";
				SWIFT_VERSION = 4.2;
				TARGETED_DEVICE_FAMILY = "1,2";
				TEST_TARGET_NAME = Sohayok;
			};
			name = Debug;
		};
		928E7477241A5C5600B594B1 /* Release */ = {
			isa = XCBuildConfiguration;
			buildSettings = {
				ALWAYS_EMBED_SWIFT_STANDARD_LIBRARIES = YES;
				CODE_SIGN_STYLE = Automatic;
				INFOPLIST_FILE = SohayokUITests/Info.plist;
				LD_RUNPATH_SEARCH_PATHS = (
					"$(inherited)",
					"@executable_path/Frameworks",
					"@loader_path/Frameworks",
				);
				PRODUCT_BUNDLE_IDENTIFIER = com.sabbir.SohayokUITests;
				PRODUCT_NAME = "$(TARGET_NAME)";
				SWIFT_VERSION = 4.2;
				TARGETED_DEVICE_FAMILY = "1,2";
				TEST_TARGET_NAME = Sohayok;
			};
			name = Release;
		};
/* End XCBuildConfiguration section */

/* Begin XCConfigurationList section */
		928E743F241A5C5400B594B1 /* Build configuration list for PBXProject "Sohayok" */ = {
			isa = XCConfigurationList;
			buildConfigurations = (
				928E746D241A5C5600B594B1 /* Debug */,
				928E746E241A5C5600B594B1 /* Release */,
			);
			defaultConfigurationIsVisible = 0;
			defaultConfigurationName = Release;
		};
		928E746F241A5C5600B594B1 /* Build configuration list for PBXNativeTarget "Sohayok" */ = {
			isa = XCConfigurationList;
			buildConfigurations = (
				928E7470241A5C5600B594B1 /* Debug */,
				928E7471241A5C5600B594B1 /* Release */,
			);
			defaultConfigurationIsVisible = 0;
			defaultConfigurationName = Release;
		};
		928E7472241A5C5600B594B1 /* Build configuration list for PBXNativeTarget "SohayokTests" */ = {
			isa = XCConfigurationList;
			buildConfigurations = (
				928E7473241A5C5600B594B1 /* Debug */,
				928E7474241A5C5600B594B1 /* Release */,
			);
			defaultConfigurationIsVisible = 0;
			defaultConfigurationName = Release;
		};
		928E7475241A5C5600B594B1 /* Build configuration list for PBXNativeTarget "SohayokUITests" */ = {
			isa = XCConfigurationList;
			buildConfigurations = (
				928E7476241A5C5600B594B1 /* Debug */,
				928E7477241A5C5600B594B1 /* Release */,
			);
			defaultConfigurationIsVisible = 0;
			defaultConfigurationName = Release;
		};
/* End XCConfigurationList section */

/* Begin XCVersionGroup section */
		928E744E241A5C5400B594B1 /* Sohayok.xcdatamodeld */ = {
			isa = XCVersionGroup;
			children = (
				928E744F241A5C5400B594B1 /* Sohayok.xcdatamodel */,
			);
			currentVersion = 928E744F241A5C5400B594B1 /* Sohayok.xcdatamodel */;
			path = Sohayok.xcdatamodeld;
			sourceTree = "<group>";
			versionGroupType = wrapper.xcdatamodel;
		};
/* End XCVersionGroup section */
	};
	rootObject = 928E743C241A5C5400B594B1 /* Project object */;
}
